{
    "_readme": [
        "This file locks the dependencies of your project to a known state",
        "Read more about it at https://getcomposer.org/doc/01-basic-usage.md#composer-lock-the-lock-file",
        "This file is @generated automatically"
    ],
    "content-hash": "c047d40fd74d71f327aedcdd7bd69611",
    "packages": [
        {
            "name": "mossadal/math-parser",
            "version": "v1.3.9",
            "source": {
                "type": "git",
                "url": "https://github.com/mossadal/math-parser.git",
                "reference": "5bfe8647c73a25a602acb4133f68055083d1fe8d"
            },
            "dist": {
                "type": "zip",
                "url": "https://api.github.com/repos/mossadal/math-parser/zipball/5bfe8647c73a25a602acb4133f68055083d1fe8d",
                "reference": "5bfe8647c73a25a602acb4133f68055083d1fe8d",
                "shasum": ""
            },
            "require": {
                "php": ">=5.4.0"
            },
            "require-dev": {
                "phpdocumentor/phpdocumentor": "2.*",
                "phpunit/php-code-coverage": "~3",
                "phpunit/phpunit": "5.1.*"
            },
            "type": "library",
            "autoload": {
                "psr-4": {
                    "MathParser\\": "src/MathParser"
                }
            },
            "notification-url": "https://packagist.org/downloads/",
            "license": [
                "LGPL-3.0"
            ],
            "authors": [
                {
                    "name": "Frank Wikström",
                    "email": "frank@mossadal.se",
                    "role": "Developer"
                }
            ],
            "description": "PHP parser for mathematical expressions, including elementary functions, variables and implicit multiplication. Also supports symbolic differentiation.",
            "homepage": "https://github.com/mossadal/math-parser",
            "keywords": [
                "mathematics",
                "parser"
            ],
            "time": "2017-02-21T14:38:01+00:00"
        }
    ],
    "packages-dev": [],
    "aliases": [],
    "minimum-stability": "stable",
    "stability-flags": [],
    "prefer-stable": false,
    "prefer-lowest": false,
    "platform": [],
    "platform-dev": []
}
